
Microsoft Visual Studio Solution File, Format Version 12.00
# Visual Studio 2012
Project("{FAE04EC0-301F-11D3-BF4B-00C04F79EFBC}") = "LoanAPoundCreditCheckService", "LoanAPoundCreditCheckService\LoanAPoundCreditCheckService.csproj", "{68DD599C-60B0-4E6D-A9BA-F9524E0FE481}"
EndProject
Project("{FAE04EC0-301F-11D3-BF4B-00C04F79EFBC}") = "LoanAPoundCreditCheckService.Tests", "LoanAPoundCreditCheckService.Tests\LoanAPoundCreditCheckService.Tests.csproj", "{451AB95C-5E74-4D3D-8E58-558DAF925CD0}"
EndProject
Global
	GlobalSection(SolutionConfigurationPlatforms) = preSolution
		Debug|Any CPU = Debug|Any CPU
		Release|Any CPU = Release|Any CPU
	EndGlobalSection
	GlobalSection(ProjectConfigurationPlatforms) = postSolution
		{68DD599C-60B0-4E6D-A9BA-F9524E0FE481}.Debug|Any CPU.ActiveCfg = Debug|Any CPU
		{68DD599C-60B0-4E6D-A9BA-F9524E0FE481}.Debug|Any CPU.Build.0 = Debug|Any CPU
		{68DD599C-60B0-4E6D-A9BA-F9524E0FE481}.Release|Any CPU.ActiveCfg = Release|Any CPU
		{68DD599C-60B0-4E6D-A9BA-F9524E0FE481}.Release|Any CPU.Build.0 = Release|Any CPU
		{451AB95C-5E74-4D3D-8E58-558DAF925CD0}.Debug|Any CPU.ActiveCfg = Debug|Any CPU
		{451AB95C-5E74-4D3D-8E58-558DAF925CD0}.Debug|Any CPU.Build.0 = Debug|Any CPU
		{451AB95C-5E74-4D3D-8E58-558DAF925CD0}.Release|Any CPU.ActiveCfg = Release|Any CPU
		{451AB95C-5E74-4D3D-8E58-558DAF925CD0}.Release|Any CPU.Build.0 = Release|Any CPU
	EndGlobalSection
	GlobalSection(SolutionProperties) = preSolution
		HideSolutionNode = FALSE
	EndGlobalSection
EndGlobal
